// !$*UTF8*$!
{
	archiveVersion = 1;
	classes = {
	};
	objectVersion = 56;
	objects = {

/* Begin PBXBuildFile section */
		727BBD692A517C490080401C /* ModbusMasterApp.swift in Sources */ = {isa = PBXBuildFile; fileRef = 727BBD682A517C490080401C /* ModbusMasterApp.swift */; };
		727BBD6B2A517C490080401C /* ContentView.swift in Sources */ = {isa = PBXBuildFile; fileRef = 727BBD6A2A517C490080401C /* ContentView.swift */; };
		727BBD6D2A517C4A0080401C /* Assets.xcassets in Resources */ = {isa = PBXBuildFile; fileRef = 727BBD6C2A517C4A0080401C /* Assets.xcassets */; };
		727BBD702A517C4A0080401C /* Preview Assets.xcassets in Resources */ = {isa = PBXBuildFile; fileRef = 727BBD6F2A517C4A0080401C /* Preview Assets.xcassets */; };
		727BBD832A517C7E0080401C /* modbus-data.c in Sources */ = {isa = PBXBuildFile; fileRef = 727BBD792A517C7D0080401C /* modbus-data.c */; };
		727BBD842A517C7E0080401C /* modbus.c in Sources */ = {isa = PBXBuildFile; fileRef = 727BBD7A2A517C7D0080401C /* modbus.c */; };
		727BBD852A517C7E0080401C /* modbus-rtu.c in Sources */ = {isa = PBXBuildFile; fileRef = 727BBD7C2A517C7D0080401C /* modbus-rtu.c */; };
		727BBD862A517C7E0080401C /* modbus-tcp.c in Sources */ = {isa = PBXBuildFile; fileRef = 727BBD7E2A517C7D0080401C /* modbus-tcp.c */; };
		727BBD882A517CC10080401C /* SwiftLibModbus.swift in Sources */ = {isa = PBXBuildFile; fileRef = 727BBD872A517CC10080401C /* SwiftLibModbus.swift */; };
		727BBD8A2A5196920080401C /* Slave.swift in Sources */ = {isa = PBXBuildFile; fileRef = 727BBD892A5196920080401C /* Slave.swift */; };
/* End PBXBuildFile section */

/* Begin PBXFileReference section */
		727BBD652A517C490080401C /* ModbusMaster.app */ = {isa = PBXFileReference; explicitFileType = wrapper.application; includeInIndex = 0; path = ModbusMaster.app; sourceTree = BUILT_PRODUCTS_DIR; };
		727BBD682A517C490080401C /* ModbusMasterApp.swift */ = {isa = PBXFileReference; lastKnownFileType = sourcecode.swift; path = ModbusMasterApp.swift; sourceTree = "<group>"; };
		727BBD6A2A517C490080401C /* ContentView.swift */ = {isa = PBXFileReference; lastKnownFileType = sourcecode.swift; path = ContentView.swift; sourceTree = "<group>"; };
		727BBD6C2A517C4A0080401C /* Assets.xcassets */ = {isa = PBXFileReference; lastKnownFileType = folder.assetcatalog; path = Assets.xcassets; sourceTree = "<group>"; };
		727BBD6F2A517C4A0080401C /* Preview Assets.xcassets */ = {isa = PBXFileReference; lastKnownFileType = folder.assetcatalog; path = "Preview Assets.xcassets"; sourceTree = "<group>"; };
		727BBD762A517C7D0080401C /* ModbusMaster-Bridging-Header.h */ = {isa = PBXFileReference; lastKnownFileType = sourcecode.c.h; path = "ModbusMaster-Bridging-Header.h"; sourceTree = "<group>"; };
		727BBD772A517C7D0080401C /* modbus-private.h */ = {isa = PBXFileReference; fileEncoding = 4; lastKnownFileType = sourcecode.c.h; path = "modbus-private.h"; sourceTree = "<group>"; };
		727BBD782A517C7D0080401C /* modbus-rtu-private.h */ = {isa = PBXFileReference; fileEncoding = 4; lastKnownFileType = sourcecode.c.h; path = "modbus-rtu-private.h"; sourceTree = "<group>"; };
		727BBD792A517C7D0080401C /* modbus-data.c */ = {isa = PBXFileReference; fileEncoding = 4; lastKnownFileType = sourcecode.c.c; path = "modbus-data.c"; sourceTree = "<group>"; };
		727BBD7A2A517C7D0080401C /* modbus.c */ = {isa = PBXFileReference; fileEncoding = 4; lastKnownFileType = sourcecode.c.c; path = modbus.c; sourceTree = "<group>"; };
		727BBD7B2A517C7D0080401C /* modbus-tcp-private.h */ = {isa = PBXFileReference; fileEncoding = 4; lastKnownFileType = sourcecode.c.h; path = "modbus-tcp-private.h"; sourceTree = "<group>"; };
		727BBD7C2A517C7D0080401C /* modbus-rtu.c */ = {isa = PBXFileReference; fileEncoding = 4; lastKnownFileType = sourcecode.c.c; path = "modbus-rtu.c"; sourceTree = "<group>"; };
		727BBD7D2A517C7D0080401C /* config.h */ = {isa = PBXFileReference; fileEncoding = 4; lastKnownFileType = sourcecode.c.h; path = config.h; sourceTree = "<group>"; };
		727BBD7E2A517C7D0080401C /* modbus-tcp.c */ = {isa = PBXFileReference; fileEncoding = 4; lastKnownFileType = sourcecode.c.c; path = "modbus-tcp.c"; sourceTree = "<group>"; };
		727BBD7F2A517C7D0080401C /* modbus-rtu.h */ = {isa = PBXFileReference; fileEncoding = 4; lastKnownFileType = sourcecode.c.h; path = "modbus-rtu.h"; sourceTree = "<group>"; };
		727BBD802A517C7D0080401C /* modbus.h */ = {isa = PBXFileReference; fileEncoding = 4; lastKnownFileType = sourcecode.c.h; path = modbus.h; sourceTree = "<group>"; };
		727BBD812A517C7E0080401C /* modbus-tcp.h */ = {isa = PBXFileReference; fileEncoding = 4; lastKnownFileType = sourcecode.c.h; path = "modbus-tcp.h"; sourceTree = "<group>"; };
		727BBD822A517C7E0080401C /* modbus-version.h */ = {isa = PBXFileReference; fileEncoding = 4; lastKnownFileType = sourcecode.c.h; path = "modbus-version.h"; sourceTree = "<group>"; };
		727BBD872A517CC10080401C /* SwiftLibModbus.swift */ = {isa = PBXFileReference; fileEncoding = 4; lastKnownFileType = sourcecode.swift; path = SwiftLibModbus.swift; sourceTree = "<group>"; };
		727BBD892A5196920080401C /* Slave.swift */ = {isa = PBXFileReference; lastKnownFileType = sourcecode.swift; path = Slave.swift; sourceTree = "<group>"; };
/* End PBXFileReference section */

/* Begin PBXFrameworksBuildPhase section */
		727BBD622A517C490080401C /* Frameworks */ = {
			isa = PBXFrameworksBuildPhase;
			buildActionMask = 2147483647;
			files = (
			);
			runOnlyForDeploymentPostprocessing = 0;
		};
/* End PBXFrameworksBuildPhase section */

/* Begin PBXGroup section */
		727BBD5C2A517C490080401C = {
			isa = PBXGroup;
			children = (
				727BBD672A517C490080401C /* ModbusMaster */,
				727BBD662A517C490080401C /* Products */,
			);
			sourceTree = "<group>";
		};
		727BBD662A517C490080401C /* Products */ = {
			isa = PBXGroup;
			children = (
				727BBD652A517C490080401C /* ModbusMaster.app */,
			);
			name = Products;
			sourceTree = "<group>";
		};
		727BBD672A517C490080401C /* ModbusMaster */ = {
			isa = PBXGroup;
			children = (
				727BBD892A5196920080401C /* Slave.swift */,
				727BBD682A517C490080401C /* ModbusMasterApp.swift */,
				727BBD6A2A517C490080401C /* ContentView.swift */,
				727BBD7D2A517C7D0080401C /* config.h */,
				727BBD792A517C7D0080401C /* modbus-data.c */,
				727BBD772A517C7D0080401C /* modbus-private.h */,
				727BBD782A517C7D0080401C /* modbus-rtu-private.h */,
				727BBD7C2A517C7D0080401C /* modbus-rtu.c */,
				727BBD7F2A517C7D0080401C /* modbus-rtu.h */,
				727BBD7B2A517C7D0080401C /* modbus-tcp-private.h */,
				727BBD7E2A517C7D0080401C /* modbus-tcp.c */,
				727BBD812A517C7E0080401C /* modbus-tcp.h */,
				727BBD822A517C7E0080401C /* modbus-version.h */,
				727BBD7A2A517C7D0080401C /* modbus.c */,
				727BBD802A517C7D0080401C /* modbus.h */,
				727BBD6C2A517C4A0080401C /* Assets.xcassets */,
				727BBD6E2A517C4A0080401C /* Preview Content */,
				727BBD762A517C7D0080401C /* ModbusMaster-Bridging-Header.h */,
				727BBD872A517CC10080401C /* SwiftLibModbus.swift */,
			);
			path = ModbusMaster;
			sourceTree = "<group>";
		};
		727BBD6E2A517C4A0080401C /* Preview Content */ = {
			isa = PBXGroup;
			children = (
				727BBD6F2A517C4A0080401C /* Preview Assets.xcassets */,
			);
			path = "Preview Content";
			sourceTree = "<group>";
		};
/* End PBXGroup section */

/* Begin PBXNativeTarget section */
		727BBD642A517C490080401C /* ModbusMaster */ = {
			isa = PBXNativeTarget;
			buildConfigurationList = 727BBD732A517C4A0080401C /* Build configuration list for PBXNativeTarget "ModbusMaster" */;
			buildPhases = (
				727BBD612A517C490080401C /* Sources */,
				727BBD622A517C490080401C /* Frameworks */,
				727BBD632A517C490080401C /* Resources */,
			);
			buildRules = (
			);
			dependencies = (
			);
			name = ModbusMaster;
			productName = ModbusMaster;
			productReference = 727BBD652A517C490080401C /* ModbusMaster.app */;
			productType = "com.apple.product-type.application";
		};
/* End PBXNativeTarget section */

/* Begin PBXProject section */
		727BBD5D2A517C490080401C /* Project object */ = {
			isa = PBXProject;
			attributes = {
				BuildIndependentTargetsInParallel = 1;
				LastSwiftUpdateCheck = 1430;
				LastUpgradeCheck = 1430;
				TargetAttributes = {
					727BBD642A517C490080401C = {
						CreatedOnToolsVersion = 14.3.1;
						LastSwiftMigration = 1430;
					};
				};
			};
			buildConfigurationList = 727BBD602A517C490080401C /* Build configuration list for PBXProject "ModbusMaster" */;
			compatibilityVersion = "Xcode 14.0";
			developmentRegion = en;
			hasScannedForEncodings = 0;
			knownRegions = (
				en,
				Base,
			);
			mainGroup = 727BBD5C2A517C490080401C;
			productRefGroup = 727BBD662A517C490080401C /* Products */;
			projectDirPath = "";
			projectRoot = "";
			targets = (
				727BBD642A517C490080401C /* ModbusMaster */,
			);
		};
/* End PBXProject section */

/* Begin PBXResourcesBuildPhase section */
		727BBD632A517C490080401C /* Resources */ = {
			isa = PBXResourcesBuildPhase;
			buildActionMask = 2147483647;
			files = (
				727BBD702A517C4A0080401C /* Preview Assets.xcassets in Resources */,
				727BBD6D2A517C4A0080401C /* Assets.xcassets in Resources */,
			);
			runOnlyForDeploymentPostprocessing = 0;
		};
/* End PBXResourcesBuildPhase section */

/* Begin PBXSourcesBuildPhase section */
		727BBD612A517C490080401C /* Sources */ = {
			isa = PBXSourcesBuildPhase;
			buildActionMask = 2147483647;
			files = (
				727BBD832A517C7E0080401C /* modbus-data.c in Sources */,
				727BBD852A517C7E0080401C /* modbus-rtu.c in Sources */,
				727BBD6B2A517C490080401C /* ContentView.swift in Sources */,
				727BBD692A517C490080401C /* ModbusMasterApp.swift in Sources */,
				727BBD8A2A5196920080401C /* Slave.swift in Sources */,
				727BBD842A517C7E0080401C /* modbus.c in Sources */,
				727BBD862A517C7E0080401C /* modbus-tcp.c in Sources */,
				727BBD882A517CC10080401C /* SwiftLibModbus.swift in Sources */,
			);
			runOnlyForDeploymentPostprocessing = 0;
		};
/* End PBXSourcesBuildPhase section */

/* Begin XCBuildConfiguration section */
		727BBD712A517C4A0080401C /* Debug */ = {
			isa = XCBuildConfiguration;
			buildSettings = {
				ALWAYS_SEARCH_USER_PATHS = NO;
				CLANG_ANALYZER_NONNULL = YES;
				CLANG_ANALYZER_NUMBER_OBJECT_CONVERSION = YES_AGGRESSIVE;
				CLANG_CXX_LANGUAGE_STANDARD = "gnu++20";
				CLANG_ENABLE_MODULES = YES;
				CLANG_ENABLE_OBJC_ARC = YES;
				CLANG_ENABLE_OBJC_WEAK = YES;
				CLANG_WARN_BLOCK_CAPTURE_AUTORELEASING = YES;
				CLANG_WARN_BOOL_CONVERSION = YES;
				CLANG_WARN_COMMA = YES;
				CLANG_WARN_CONSTANT_CONVERSION = YES;
				CLANG_WARN_DEPRECATED_OBJC_IMPLEMENTATIONS = YES;
				CLANG_WARN_DIRECT_OBJC_ISA_USAGE = YES_ERROR;
				CLANG_WARN_DOCUMENTATION_COMMENTS = YES;
				CLANG_WARN_EMPTY_BODY = YES;
				CLANG_WARN_ENUM_CONVERSION = YES;
				CLANG_WARN_INFINITE_RECURSION = YES;
				CLANG_WARN_INT_CONVERSION = YES;
				CLANG_WARN_NON_LITERAL_NULL_CONVERSION = YES;
				CLANG_WARN_OBJC_IMPLICIT_RETAIN_SELF = YES;
				CLANG_WARN_OBJC_LITERAL_CONVERSION = YES;
				CLANG_WARN_OBJC_ROOT_CLASS = YES_ERROR;
				CLANG_WARN_QUOTED_INCLUDE_IN_FRAMEWORK_HEADER = YES;
				CLANG_WARN_RANGE_LOOP_ANALYSIS = YES;
				CLANG_WARN_STRICT_PROTOTYPES = YES;
				CLANG_WARN_SUSPICIOUS_MOVE = YES;
				CLANG_WARN_UNGUARDED_AVAILABILITY = YES_AGGRESSIVE;
				CLANG_WARN_UNREACHABLE_CODE = YES;
				CLANG_WARN__DUPLICATE_METHOD_MATCH = YES;
				COPY_PHASE_STRIP = NO;
				DEBUG_INFORMATION_FORMAT = dwarf;
				ENABLE_STRICT_OBJC_MSGSEND = YES;
				ENABLE_TESTABILITY = YES;
				GCC_C_LANGUAGE_STANDARD = gnu11;
				GCC_DYNAMIC_NO_PIC = NO;
				GCC_NO_COMMON_BLOCKS = YES;
				GCC_OPTIMIZATION_LEVEL = 0;
				GCC_PREPROCESSOR_DEFINITIONS = (
					"DEBUG=1",
					"$(inherited)",
				);
				GCC_WARN_64_TO_32_BIT_CONVERSION = YES;
				GCC_WARN_ABOUT_RETURN_TYPE = YES_ERROR;
				GCC_WARN_UNDECLARED_SELECTOR = YES;
				GCC_WARN_UNINITIALIZED_AUTOS = YES_AGGRESSIVE;
				GCC_WARN_UNUSED_FUNCTION = YES;
				GCC_WARN_UNUSED_VARIABLE = YES;
				IPHONEOS_DEPLOYMENT_TARGET = 16.4;
				MTL_ENABLE_DEBUG_INFO = INCLUDE_SOURCE;
				MTL_FAST_MATH = YES;
				ONLY_ACTIVE_ARCH = YES;
				SDKROOT = iphoneos;
				SWIFT_ACTIVE_COMPILATION_CONDITIONS = DEBUG;
				SWIFT_OPTIMIZATION_LEVEL = "-Onone";
			};
			name = Debug;
		};
		727BBD722A517C4A0080401C /* Release */ = {
			isa = XCBuildConfiguration;
			buildSettings = {
				ALWAYS_SEARCH_USER_PATHS = NO;
				CLANG_ANALYZER_NONNULL = YES;
				CLANG_ANALYZER_NUMBER_OBJECT_CONVERSION = YES_AGGRESSIVE;
				CLANG_CXX_LANGUAGE_STANDARD = "gnu++20";
				CLANG_ENABLE_MODULES = YES;
				CLANG_ENABLE_OBJC_ARC = YES;
				CLANG_ENABLE_OBJC_WEAK = YES;
				CLANG_WARN_BLOCK_CAPTURE_AUTORELEASING = YES;
				CLANG_WARN_BOOL_CONVERSION = YES;
				CLANG_WARN_COMMA = YES;
				CLANG_WARN_CONSTANT_CONVERSION = YES;
				CLANG_WARN_DEPRECATED_OBJC_IMPLEMENTATIONS = YES;
				CLANG_WARN_DIRECT_OBJC_ISA_USAGE = YES_ERROR;
				CLANG_WARN_DOCUMENTATION_COMMENTS = YES;
				CLANG_WARN_EMPTY_BODY = YES;
				CLANG_WARN_ENUM_CONVERSION = YES;
				CLANG_WARN_INFINITE_RECURSION = YES;
				CLANG_WARN_INT_CONVERSION = YES;
				CLANG_WARN_NON_LITERAL_NULL_CONVERSION = YES;
				CLANG_WARN_OBJC_IMPLICIT_RETAIN_SELF = YES;
				CLANG_WARN_OBJC_LITERAL_CONVERSION = YES;
				CLANG_WARN_OBJC_ROOT_CLASS = YES_ERROR;
				CLANG_WARN_QUOTED_INCLUDE_IN_FRAMEWORK_HEADER = YES;
				CLANG_WARN_RANGE_LOOP_ANALYSIS = YES;
				CLANG_WARN_STRICT_PROTOTYPES = YES;
				CLANG_WARN_SUSPICIOUS_MOVE = YES;
				CLANG_WARN_UNGUARDED_AVAILABILITY = YES_AGGRESSIVE;
				CLANG_WARN_UNREACHABLE_CODE = YES;
				CLANG_WARN__DUPLICATE_METHOD_MATCH = YES;
				COPY_PHASE_STRIP = NO;
				DEBUG_INFORMATION_FORMAT = "dwarf-with-dsym";
				ENABLE_NS_ASSERTIONS = NO;
				ENABLE_STRICT_OBJC_MSGSEND = YES;
				GCC_C_LANGUAGE_STANDARD = gnu11;
				GCC_NO_COMMON_BLOCKS = YES;
				GCC_WARN_64_TO_32_BIT_CONVERSION = YES;
				GCC_WARN_ABOUT_RETURN_TYPE = YES_ERROR;
				GCC_WARN_UNDECLARED_SELECTOR = YES;
				GCC_WARN_UNINITIALIZED_AUTOS = YES_AGGRESSIVE;
				GCC_WARN_UNUSED_FUNCTION = YES;
				GCC_WARN_UNUSED_VARIABLE = YES;
				IPHONEOS_DEPLOYMENT_TARGET = 16.4;
				MTL_ENABLE_DEBUG_INFO = NO;
				MTL_FAST_MATH = YES;
				SDKROOT = iphoneos;
				SWIFT_COMPILATION_MODE = wholemodule;
				SWIFT_OPTIMIZATION_LEVEL = "-O";
				VALIDATE_PRODUCT = YES;
			};
			name = Release;
		};
		727BBD742A517C4A0080401C /* Debug */ = {
			isa = XCBuildConfiguration;
			buildSettings = {
				ASSETCATALOG_COMPILER_APPICON_NAME = AppIcon;
				ASSETCATALOG_COMPILER_GLOBAL_ACCENT_COLOR_NAME = AccentColor;
				CLANG_ENABLE_MODULES = YES;
				CODE_SIGN_STYLE = Automatic;
				CURRENT_PROJECT_VERSION = 1;
				DEVELOPMENT_ASSET_PATHS = "\"ModbusMaster/Preview Content\"";
				DEVELOPMENT_TEAM = 55WMW6X7K2;
				ENABLE_PREVIEWS = YES;
				GENERATE_INFOPLIST_FILE = YES;
				INFOPLIST_KEY_UIApplicationSceneManifest_Generation = YES;
				INFOPLIST_KEY_UIApplicationSupportsIndirectInputEvents = YES;
				INFOPLIST_KEY_UILaunchScreen_Generation = YES;
				INFOPLIST_KEY_UISupportedInterfaceOrientations_iPad = "UIInterfaceOrientationPortrait UIInterfaceOrientationPortraitUpsideDown UIInterfaceOrientationLandscapeLeft UIInterfaceOrientationLandscapeRight";
				INFOPLIST_KEY_UISupportedInterfaceOrientations_iPhone = "UIInterfaceOrientationPortrait UIInterfaceOrientationLandscapeLeft UIInterfaceOrientationLandscapeRight";
				LD_RUNPATH_SEARCH_PATHS = (
					"$(inherited)",
					"@executable_path/Frameworks",
				);
				MARKETING_VERSION = 1.0;
				PRODUCT_BUNDLE_IDENTIFIER = be.includebv.ModbusMaster;
				PRODUCT_NAME = "$(TARGET_NAME)";
				SWIFT_EMIT_LOC_STRINGS = YES;
				SWIFT_OBJC_BRIDGING_HEADER = "ModbusMaster/ModbusMaster-Bridging-Header.h";
				SWIFT_OPTIMIZATION_LEVEL = "-Onone";
				SWIFT_VERSION = 5.0;
				TARGETED_DEVICE_FAMILY = "1,2";
			};
			name = Debug;
		};
		727BBD752A517C4A0080401C /* Release */ = {
			isa = XCBuildConfiguration;
			buildSettings = {
				ASSETCATALOG_COMPILER_APPICON_NAME = AppIcon;
				ASSETCATALOG_COMPILER_GLOBAL_ACCENT_COLOR_NAME = AccentColor;
				CLANG_ENABLE_MODULES = YES;
				CODE_SIGN_STYLE = Automatic;
				CURRENT_PROJECT_VERSION = 1;
				DEVELOPMENT_ASSET_PATHS = "\"ModbusMaster/Preview Content\"";
				DEVELOPMENT_TEAM = 55WMW6X7K2;
				ENABLE_PREVIEWS = YES;
				GENERATE_INFOPLIST_FILE = YES;
				INFOPLIST_KEY_UIApplicationSceneManifest_Generation = YES;
				INFOPLIST_KEY_UIApplicationSupportsIndirectInputEvents = YES;
				INFOPLIST_KEY_UILaunchScreen_Generation = YES;
				INFOPLIST_KEY_UISupportedInterfaceOrientations_iPad = "UIInterfaceOrientationPortrait UIInterfaceOrientationPortraitUpsideDown UIInterfaceOrientationLandscapeLeft UIInterfaceOrientationLandscapeRight";
				INFOPLIST_KEY_UISupportedInterfaceOrientations_iPhone = "UIInterfaceOrientationPortrait UIInterfaceOrientationLandscapeLeft UIInterfaceOrientationLandscapeRight";
				LD_RUNPATH_SEARCH_PATHS = (
					"$(inherited)",
					"@executable_path/Frameworks",
				);
				MARKETING_VERSION = 1.0;
				PRODUCT_BUNDLE_IDENTIFIER = be.includebv.ModbusMaster;
				PRODUCT_NAME = "$(TARGET_NAME)";
				SWIFT_EMIT_LOC_STRINGS = YES;
				SWIFT_OBJC_BRIDGING_HEADER = "ModbusMaster/ModbusMaster-Bridging-Header.h";
				SWIFT_VERSION = 5.0;
				TARGETED_DEVICE_FAMILY = "1,2";
			};
			name = Release;
		};
/* End XCBuildConfiguration section */

/* Begin XCConfigurationList section */
		727BBD602A517C490080401C /* Build configuration list for PBXProject "ModbusMaster" */ = {
			isa = XCConfigurationList;
			buildConfigurations = (
				727BBD712A517C4A0080401C /* Debug */,
				727BBD722A517C4A0080401C /* Release */,
			);
			defaultConfigurationIsVisible = 0;
			defaultConfigurationName = Release;
		};
		727BBD732A517C4A0080401C /* Build configuration list for PBXNativeTarget "ModbusMaster" */ = {
			isa = XCConfigurationList;
			buildConfigurations = (
				727BBD742A517C4A0080401C /* Debug */,
				727BBD752A517C4A0080401C /* Release */,
			);
			defaultConfigurationIsVisible = 0;
			defaultConfigurationName = Release;
		};
/* End XCConfigurationList section */
	};
	rootObject = 727BBD5D2A517C490080401C /* Project object */;
}
